// !$*UTF8*$!
{
	archiveVersion = 1;
	classes = {
	};
	objectVersion = 50;
	objects = {

/* Begin PBXBuildFile section */
		17DC9EC98401360B7171FE1E /* Pods_BJHomework.framework in Frameworks */ = {isa = PBXBuildFile; fileRef = 5F179BEE1BEAD12AB215F00E /* Pods_BJHomework.framework */; };
		8462B28826DE30C200F3E981 /* AppDelegate.swift in Sources */ = {isa = PBXBuildFile; fileRef = 8462B28726DE30C200F3E981 /* AppDelegate.swift */; };
		8462B28A26DE30C200F3E981 /* SceneDelegate.swift in Sources */ = {isa = PBXBuildFile; fileRef = 8462B28926DE30C200F3E981 /* SceneDelegate.swift */; };
		8462B28C26DE30C200F3E981 /* ViewController.swift in Sources */ = {isa = PBXBuildFile; fileRef = 8462B28B26DE30C200F3E981 /* ViewController.swift */; };
		8462B28F26DE30C200F3E981 /* Main.storyboard in Resources */ = {isa = PBXBuildFile; fileRef = 8462B28D26DE30C200F3E981 /* Main.storyboard */; };
		8462B29126DE30C400F3E981 /* Assets.xcassets in Resources */ = {isa = PBXBuildFile; fileRef = 8462B29026DE30C400F3E981 /* Assets.xcassets */; };
		8462B29426DE30C400F3E981 /* LaunchScreen.storyboard in Resources */ = {isa = PBXBuildFile; fileRef = 8462B29226DE30C400F3E981 /* LaunchScreen.storyboard */; };
		8462B2A126DE353700F3E981 /* MovieListViewController.swift in Sources */ = {isa = PBXBuildFile; fileRef = 8462B2A026DE353700F3E981 /* MovieListViewController.swift */; };
		8462B2A326DE3D5000F3E981 /* MovieCell.swift in Sources */ = {isa = PBXBuildFile; fileRef = 8462B2A226DE3D5000F3E981 /* MovieCell.swift */; };
		8462B2A526DE3FA400F3E981 /* MoviesResponse.swift in Sources */ = {isa = PBXBuildFile; fileRef = 8462B2A426DE3FA400F3E981 /* MoviesResponse.swift */; };
		8462B2A926DE3FFB00F3E981 /* Movie.swift in Sources */ = {isa = PBXBuildFile; fileRef = 8462B2A826DE3FFB00F3E981 /* Movie.swift */; };
		8462B2AE26DE40E300F3E981 /* NetworkManager.swift in Sources */ = {isa = PBXBuildFile; fileRef = 8462B2AD26DE40E300F3E981 /* NetworkManager.swift */; };
		8462B2B026DE40F400F3E981 /* NetworkError.swift in Sources */ = {isa = PBXBuildFile; fileRef = 8462B2AF26DE40F400F3E981 /* NetworkError.swift */; };
		8462B2B226DE417000F3E981 /* MovieViewModel.swift in Sources */ = {isa = PBXBuildFile; fileRef = 8462B2B126DE417000F3E981 /* MovieViewModel.swift */; };
/* End PBXBuildFile section */

/* Begin PBXFileReference section */
		5F179BEE1BEAD12AB215F00E /* Pods_BJHomework.framework */ = {isa = PBXFileReference; explicitFileType = wrapper.framework; includeInIndex = 0; path = Pods_BJHomework.framework; sourceTree = BUILT_PRODUCTS_DIR; };
		8462B28426DE30C200F3E981 /* BJHomework.app */ = {isa = PBXFileReference; explicitFileType = wrapper.application; includeInIndex = 0; path = BJHomework.app; sourceTree = BUILT_PRODUCTS_DIR; };
		8462B28726DE30C200F3E981 /* AppDelegate.swift */ = {isa = PBXFileReference; lastKnownFileType = sourcecode.swift; path = AppDelegate.swift; sourceTree = "<group>"; };
		8462B28926DE30C200F3E981 /* SceneDelegate.swift */ = {isa = PBXFileReference; lastKnownFileType = sourcecode.swift; path = SceneDelegate.swift; sourceTree = "<group>"; };
		8462B28B26DE30C200F3E981 /* ViewController.swift */ = {isa = PBXFileReference; lastKnownFileType = sourcecode.swift; path = ViewController.swift; sourceTree = "<group>"; };
		8462B28E26DE30C200F3E981 /* Base */ = {isa = PBXFileReference; lastKnownFileType = file.storyboard; name = Base; path = Base.lproj/Main.storyboard; sourceTree = "<group>"; };
		8462B29026DE30C400F3E981 /* Assets.xcassets */ = {isa = PBXFileReference; lastKnownFileType = folder.assetcatalog; path = Assets.xcassets; sourceTree = "<group>"; };
		8462B29326DE30C400F3E981 /* Base */ = {isa = PBXFileReference; lastKnownFileType = file.storyboard; name = Base; path = Base.lproj/LaunchScreen.storyboard; sourceTree = "<group>"; };
		8462B29526DE30C400F3E981 /* Info.plist */ = {isa = PBXFileReference; lastKnownFileType = text.plist.xml; path = Info.plist; sourceTree = "<group>"; };
		8462B2A026DE353700F3E981 /* MovieListViewController.swift */ = {isa = PBXFileReference; lastKnownFileType = sourcecode.swift; path = MovieListViewController.swift; sourceTree = "<group>"; };
		8462B2A226DE3D5000F3E981 /* MovieCell.swift */ = {isa = PBXFileReference; lastKnownFileType = sourcecode.swift; path = MovieCell.swift; sourceTree = "<group>"; };
		8462B2A426DE3FA400F3E981 /* MoviesResponse.swift */ = {isa = PBXFileReference; lastKnownFileType = sourcecode.swift; path = MoviesResponse.swift; sourceTree = "<group>"; };
		8462B2A826DE3FFB00F3E981 /* Movie.swift */ = {isa = PBXFileReference; lastKnownFileType = sourcecode.swift; path = Movie.swift; sourceTree = "<group>"; };
		8462B2AD26DE40E300F3E981 /* NetworkManager.swift */ = {isa = PBXFileReference; lastKnownFileType = sourcecode.swift; path = NetworkManager.swift; sourceTree = "<group>"; };
		8462B2AF26DE40F400F3E981 /* NetworkError.swift */ = {isa = PBXFileReference; lastKnownFileType = sourcecode.swift; path = NetworkError.swift; sourceTree = "<group>"; };
		8462B2B126DE417000F3E981 /* MovieViewModel.swift */ = {isa = PBXFileReference; lastKnownFileType = sourcecode.swift; path = MovieViewModel.swift; sourceTree = "<group>"; };
		E9E4CF6683349FFFA2343DCC /* Pods-BJHomework.release.xcconfig */ = {isa = PBXFileReference; includeInIndex = 1; lastKnownFileType = text.xcconfig; name = "Pods-BJHomework.release.xcconfig"; path = "Target Support Files/Pods-BJHomework/Pods-BJHomework.release.xcconfig"; sourceTree = "<group>"; };
		F5949B7F6698307E00814846 /* Pods-BJHomework.debug.xcconfig */ = {isa = PBXFileReference; includeInIndex = 1; lastKnownFileType = text.xcconfig; name = "Pods-BJHomework.debug.xcconfig"; path = "Target Support Files/Pods-BJHomework/Pods-BJHomework.debug.xcconfig"; sourceTree = "<group>"; };
/* End PBXFileReference section */

/* Begin PBXFrameworksBuildPhase section */
		8462B28126DE30C200F3E981 /* Frameworks */ = {
			isa = PBXFrameworksBuildPhase;
			buildActionMask = 2147483647;
			files = (
				17DC9EC98401360B7171FE1E /* Pods_BJHomework.framework in Frameworks */,
			);
			runOnlyForDeploymentPostprocessing = 0;
		};
/* End PBXFrameworksBuildPhase section */

/* Begin PBXGroup section */
		17F4DE5372A0867A88B5893A /* Frameworks */ = {
			isa = PBXGroup;
			children = (
				5F179BEE1BEAD12AB215F00E /* Pods_BJHomework.framework */,
			);
			name = Frameworks;
			sourceTree = "<group>";
		};
		8462B27B26DE30C200F3E981 = {
			isa = PBXGroup;
			children = (
				8462B28626DE30C200F3E981 /* BJHomework */,
				8462B28526DE30C200F3E981 /* Products */,
				929E7895E0964C87C88D9A96 /* Pods */,
				17F4DE5372A0867A88B5893A /* Frameworks */,
			);
			sourceTree = "<group>";
		};
		8462B28526DE30C200F3E981 /* Products */ = {
			isa = PBXGroup;
			children = (
				8462B28426DE30C200F3E981 /* BJHomework.app */,
			);
			name = Products;
			sourceTree = "<group>";
		};
		8462B28626DE30C200F3E981 /* BJHomework */ = {
			isa = PBXGroup;
			children = (
				8462B28726DE30C200F3E981 /* AppDelegate.swift */,
				8462B28926DE30C200F3E981 /* SceneDelegate.swift */,
				8462B2AC26DE40C100F3E981 /* NetworkManager */,
				8462B29B26DE326400F3E981 /* Models */,
				8462B29C26DE327200F3E981 /* ViewModels */,
				8462B29D26DE328F00F3E981 /* View */,
				8462B29026DE30C400F3E981 /* Assets.xcassets */,
				8462B29226DE30C400F3E981 /* LaunchScreen.storyboard */,
				8462B29526DE30C400F3E981 /* Info.plist */,
			);
			path = BJHomework;
			sourceTree = "<group>";
		};
		8462B29B26DE326400F3E981 /* Models */ = {
			isa = PBXGroup;
			children = (
				8462B2A426DE3FA400F3E981 /* MoviesResponse.swift */,
				8462B2A826DE3FFB00F3E981 /* Movie.swift */,
			);
			path = Models;
			sourceTree = "<group>";
		};
		8462B29C26DE327200F3E981 /* ViewModels */ = {
			isa = PBXGroup;
			children = (
				8462B2B126DE417000F3E981 /* MovieViewModel.swift */,
			);
			path = ViewModels;
			sourceTree = "<group>";
		};
		8462B29D26DE328F00F3E981 /* View */ = {
			isa = PBXGroup;
			children = (
				8462B28D26DE30C200F3E981 /* Main.storyboard */,
				8462B28B26DE30C200F3E981 /* ViewController.swift */,
				8462B2A026DE353700F3E981 /* MovieListViewController.swift */,
				8462B2A226DE3D5000F3E981 /* MovieCell.swift */,
			);
			path = View;
			sourceTree = "<group>";
		};
		8462B2AC26DE40C100F3E981 /* NetworkManager */ = {
			isa = PBXGroup;
			children = (
				8462B2AD26DE40E300F3E981 /* NetworkManager.swift */,
				8462B2AF26DE40F400F3E981 /* NetworkError.swift */,
			);
			path = NetworkManager;
			sourceTree = "<group>";
		};
		929E7895E0964C87C88D9A96 /* Pods */ = {
			isa = PBXGroup;
			children = (
				F5949B7F6698307E00814846 /* Pods-BJHomework.debug.xcconfig */,
				E9E4CF6683349FFFA2343DCC /* Pods-BJHomework.release.xcconfig */,
			);
			name = Pods;
			path = Pods;
			sourceTree = "<group>";
		};
/* End PBXGroup section */

/* Begin PBXNativeTarget section */
		8462B28326DE30C200F3E981 /* BJHomework */ = {
			isa = PBXNativeTarget;
			buildConfigurationList = 8462B29826DE30C400F3E981 /* Build configuration list for PBXNativeTarget "BJHomework" */;
			buildPhases = (
				286B178E2FDA9035AD38C697 /* [CP] Check Pods Manifest.lock */,
				8462B28026DE30C200F3E981 /* Sources */,
				8462B28126DE30C200F3E981 /* Frameworks */,
				8462B28226DE30C200F3E981 /* Resources */,
				8E86A3250CD43E1DE8E6CB96 /* [CP] Embed Pods Frameworks */,
			);
			buildRules = (
			);
			dependencies = (
			);
			name = BJHomework;
			productName = BJHomework;
			productReference = 8462B28426DE30C200F3E981 /* BJHomework.app */;
			productType = "com.apple.product-type.application";
		};
/* End PBXNativeTarget section */

/* Begin PBXProject section */
		8462B27C26DE30C200F3E981 /* Project object */ = {
			isa = PBXProject;
			attributes = {
				LastSwiftUpdateCheck = 1250;
				LastUpgradeCheck = 1250;
				TargetAttributes = {
					8462B28326DE30C200F3E981 = {
						CreatedOnToolsVersion = 12.5.1;
					};
				};
			};
			buildConfigurationList = 8462B27F26DE30C200F3E981 /* Build configuration list for PBXProject "BJHomework" */;
			compatibilityVersion = "Xcode 9.3";
			developmentRegion = en;
			hasScannedForEncodings = 0;
			knownRegions = (
				en,
				Base,
			);
			mainGroup = 8462B27B26DE30C200F3E981;
			productRefGroup = 8462B28526DE30C200F3E981 /* Products */;
			projectDirPath = "";
			projectRoot = "";
			targets = (
				8462B28326DE30C200F3E981 /* BJHomework */,
			);
		};
/* End PBXProject section */

/* Begin PBXResourcesBuildPhase section */
		8462B28226DE30C200F3E981 /* Resources */ = {
			isa = PBXResourcesBuildPhase;
			buildActionMask = 2147483647;
			files = (
				8462B29426DE30C400F3E981 /* LaunchScreen.storyboard in Resources */,
				8462B29126DE30C400F3E981 /* Assets.xcassets in Resources */,
				8462B28F26DE30C200F3E981 /* Main.storyboard in Resources */,
			);
			runOnlyForDeploymentPostprocessing = 0;
		};
/* End PBXResourcesBuildPhase section */

/* Begin PBXShellScriptBuildPhase section */
		286B178E2FDA9035AD38C697 /* [CP] Check Pods Manifest.lock */ = {
			isa = PBXShellScriptBuildPhase;
			buildActionMask = 2147483647;
			files = (
			);
			inputFileListPaths = (
			);
			inputPaths = (
				"${PODS_PODFILE_DIR_PATH}/Podfile.lock",
				"${PODS_ROOT}/Manifest.lock",
			);
			name = "[CP] Check Pods Manifest.lock";
			outputFileListPaths = (
			);
			outputPaths = (
				"$(DERIVED_FILE_DIR)/Pods-BJHomework-checkManifestLockResult.txt",
			);
			runOnlyForDeploymentPostprocessing = 0;
			shellPath = /bin/sh;
			shellScript = "diff \"${PODS_PODFILE_DIR_PATH}/Podfile.lock\" \"${PODS_ROOT}/Manifest.lock\" > /dev/null\nif [ $? != 0 ] ; then\n    # print error to STDERR\n    echo \"error: The sandbox is not in sync with the Podfile.lock. Run 'pod install' or update your CocoaPods installation.\" >&2\n    exit 1\nfi\n# This output is used by Xcode 'outputs' to avoid re-running this script phase.\necho \"SUCCESS\" > \"${SCRIPT_OUTPUT_FILE_0}\"\n";
			showEnvVarsInLog = 0;
		};
		8E86A3250CD43E1DE8E6CB96 /* [CP] Embed Pods Frameworks */ = {
			isa = PBXShellScriptBuildPhase;
			buildActionMask = 2147483647;
			files = (
			);
			inputFileListPaths = (
				"${PODS_ROOT}/Target Support Files/Pods-BJHomework/Pods-BJHomework-frameworks-${CONFIGURATION}-input-files.xcfilelist",
			);
			name = "[CP] Embed Pods Frameworks";
			outputFileListPaths = (
				"${PODS_ROOT}/Target Support Files/Pods-BJHomework/Pods-BJHomework-frameworks-${CONFIGURATION}-output-files.xcfilelist",
			);
			runOnlyForDeploymentPostprocessing = 0;
			shellPath = /bin/sh;
			shellScript = "\"${PODS_ROOT}/Target Support Files/Pods-BJHomework/Pods-BJHomework-frameworks.sh\"\n";
			showEnvVarsInLog = 0;
		};
/* End PBXShellScriptBuildPhase section */

/* Begin PBXSourcesBuildPhase section */
		8462B28026DE30C200F3E981 /* Sources */ = {
			isa = PBXSourcesBuildPhase;
			buildActionMask = 2147483647;
			files = (
				8462B2A926DE3FFB00F3E981 /* Movie.swift in Sources */,
				8462B2B226DE417000F3E981 /* MovieViewModel.swift in Sources */,
				8462B28C26DE30C200F3E981 /* ViewController.swift in Sources */,
				8462B28826DE30C200F3E981 /* AppDelegate.swift in Sources */,
				8462B28A26DE30C200F3E981 /* SceneDelegate.swift in Sources */,
				8462B2AE26DE40E300F3E981 /* NetworkManager.swift in Sources */,
				8462B2A326DE3D5000F3E981 /* MovieCell.swift in Sources */,
				8462B2B026DE40F400F3E981 /* NetworkError.swift in Sources */,
				8462B2A126DE353700F3E981 /* MovieListViewController.swift in Sources */,
				8462B2A526DE3FA400F3E981 /* MoviesResponse.swift in Sources */,
			);
			runOnlyForDeploymentPostprocessing = 0;
		};
/* End PBXSourcesBuildPhase section */

/* Begin PBXVariantGroup section */
		8462B28D26DE30C200F3E981 /* Main.storyboard */ = {
			isa = PBXVariantGroup;
			children = (
				8462B28E26DE30C200F3E981 /* Base */,
			);
			name = Main.storyboard;
			sourceTree = "<group>";
		};
		8462B29226DE30C400F3E981 /* LaunchScreen.storyboard */ = {
			isa = PBXVariantGroup;
			children = (
				8462B29326DE30C400F3E981 /* Base */,
			);
			name = LaunchScreen.storyboard;
			sourceTree = "<group>";
		};
/* End PBXVariantGroup section */

/* Begin XCBuildConfiguration section */
		8462B29626DE30C400F3E981 /* Debug */ = {
			isa = XCBuildConfiguration;
			buildSettings = {
				ALWAYS_SEARCH_USER_PATHS = NO;
				CLANG_ANALYZER_NONNULL = YES;
				CLANG_ANALYZER_NUMBER_OBJECT_CONVERSION = YES_AGGRESSIVE;
				CLANG_CXX_LANGUAGE_STANDARD = "gnu++14";
				CLANG_CXX_LIBRARY = "libc++";
				CLANG_ENABLE_MODULES = YES;
				CLANG_ENABLE_OBJC_ARC = YES;
				CLANG_ENABLE_OBJC_WEAK = YES;
				CLANG_WARN_BLOCK_CAPTURE_AUTORELEASING = YES;
				CLANG_WARN_BOOL_CONVERSION = YES;
				CLANG_WARN_COMMA = YES;
				CLANG_WARN_CONSTANT_CONVERSION = YES;
				CLANG_WARN_DEPRECATED_OBJC_IMPLEMENTATIONS = YES;
				CLANG_WARN_DIRECT_OBJC_ISA_USAGE = YES_ERROR;
				CLANG_WARN_DOCUMENTATION_COMMENTS = YES;
				CLANG_WARN_EMPTY_BODY = YES;
				CLANG_WARN_ENUM_CONVERSION = YES;
				CLANG_WARN_INFINITE_RECURSION = YES;
				CLANG_WARN_INT_CONVERSION = YES;
				CLANG_WARN_NON_LITERAL_NULL_CONVERSION = YES;
				CLANG_WARN_OBJC_IMPLICIT_RETAIN_SELF = YES;
				CLANG_WARN_OBJC_LITERAL_CONVERSION = YES;
				CLANG_WARN_OBJC_ROOT_CLASS = YES_ERROR;
				CLANG_WARN_QUOTED_INCLUDE_IN_FRAMEWORK_HEADER = YES;
				CLANG_WARN_RANGE_LOOP_ANALYSIS = YES;
				CLANG_WARN_STRICT_PROTOTYPES = YES;
				CLANG_WARN_SUSPICIOUS_MOVE = YES;
				CLANG_WARN_UNGUARDED_AVAILABILITY = YES_AGGRESSIVE;
				CLANG_WARN_UNREACHABLE_CODE = YES;
				CLANG_WARN__DUPLICATE_METHOD_MATCH = YES;
				COPY_PHASE_STRIP = NO;
				DEBUG_INFORMATION_FORMAT = dwarf;
				ENABLE_STRICT_OBJC_MSGSEND = YES;
				ENABLE_TESTABILITY = YES;
				GCC_C_LANGUAGE_STANDARD = gnu11;
				GCC_DYNAMIC_NO_PIC = NO;
				GCC_NO_COMMON_BLOCKS = YES;
				GCC_OPTIMIZATION_LEVEL = 0;
				GCC_PREPROCESSOR_DEFINITIONS = (
					"DEBUG=1",
					"$(inherited)",
				);
				GCC_WARN_64_TO_32_BIT_CONVERSION = YES;
				GCC_WARN_ABOUT_RETURN_TYPE = YES_ERROR;
				GCC_WARN_UNDECLARED_SELECTOR = YES;
				GCC_WARN_UNINITIALIZED_AUTOS = YES_AGGRESSIVE;
				GCC_WARN_UNUSED_FUNCTION = YES;
				GCC_WARN_UNUSED_VARIABLE = YES;
				IPHONEOS_DEPLOYMENT_TARGET = 14.5;
				MTL_ENABLE_DEBUG_INFO = INCLUDE_SOURCE;
				MTL_FAST_MATH = YES;
				ONLY_ACTIVE_ARCH = YES;
				SDKROOT = iphoneos;
				SWIFT_ACTIVE_COMPILATION_CONDITIONS = DEBUG;
				SWIFT_OPTIMIZATION_LEVEL = "-Onone";
			};
			name = Debug;
		};
		8462B29726DE30C400F3E981 /* Release */ = {
			isa = XCBuildConfiguration;
			buildSettings = {
				ALWAYS_SEARCH_USER_PATHS = NO;
				CLANG_ANALYZER_NONNULL = YES;
				CLANG_ANALYZER_NUMBER_OBJECT_CONVERSION = YES_AGGRESSIVE;
				CLANG_CXX_LANGUAGE_STANDARD = "gnu++14";
				CLANG_CXX_LIBRARY = "libc++";
				CLANG_ENABLE_MODULES = YES;
				CLANG_ENABLE_OBJC_ARC = YES;
				CLANG_ENABLE_OBJC_WEAK = YES;
				CLANG_WARN_BLOCK_CAPTURE_AUTORELEASING = YES;
				CLANG_WARN_BOOL_CONVERSION = YES;
				CLANG_WARN_COMMA = YES;
				CLANG_WARN_CONSTANT_CONVERSION = YES;
				CLANG_WARN_DEPRECATED_OBJC_IMPLEMENTATIONS = YES;
				CLANG_WARN_DIRECT_OBJC_ISA_USAGE = YES_ERROR;
				CLANG_WARN_DOCUMENTATION_COMMENTS = YES;
				CLANG_WARN_EMPTY_BODY = YES;
				CLANG_WARN_ENUM_CONVERSION = YES;
				CLANG_WARN_INFINITE_RECURSION = YES;
				CLANG_WARN_INT_CONVERSION = YES;
				CLANG_WARN_NON_LITERAL_NULL_CONVERSION = YES;
				CLANG_WARN_OBJC_IMPLICIT_RETAIN_SELF = YES;
				CLANG_WARN_OBJC_LITERAL_CONVERSION = YES;
				CLANG_WARN_OBJC_ROOT_CLASS = YES_ERROR;
				CLANG_WARN_QUOTED_INCLUDE_IN_FRAMEWORK_HEADER = YES;
				CLANG_WARN_RANGE_LOOP_ANALYSIS = YES;
				CLANG_WARN_STRICT_PROTOTYPES = YES;
				CLANG_WARN_SUSPICIOUS_MOVE = YES;
				CLANG_WARN_UNGUARDED_AVAILABILITY = YES_AGGRESSIVE;
				CLANG_WARN_UNREACHABLE_CODE = YES;
				CLANG_WARN__DUPLICATE_METHOD_MATCH = YES;
				COPY_PHASE_STRIP = NO;
				DEBUG_INFORMATION_FORMAT = "dwarf-with-dsym";
				ENABLE_NS_ASSERTIONS = NO;
				ENABLE_STRICT_OBJC_MSGSEND = YES;
				GCC_C_LANGUAGE_STANDARD = gnu11;
				GCC_NO_COMMON_BLOCKS = YES;
				GCC_WARN_64_TO_32_BIT_CONVERSION = YES;
				GCC_WARN_ABOUT_RETURN_TYPE = YES_ERROR;
				GCC_WARN_UNDECLARED_SELECTOR = YES;
				GCC_WARN_UNINITIALIZED_AUTOS = YES_AGGRESSIVE;
				GCC_WARN_UNUSED_FUNCTION = YES;
				GCC_WARN_UNUSED_VARIABLE = YES;
				IPHONEOS_DEPLOYMENT_TARGET = 14.5;
				MTL_ENABLE_DEBUG_INFO = NO;
				MTL_FAST_MATH = YES;
				SDKROOT = iphoneos;
				SWIFT_COMPILATION_MODE = wholemodule;
				SWIFT_OPTIMIZATION_LEVEL = "-O";
				VALIDATE_PRODUCT = YES;
			};
			name = Release;
		};
		8462B29926DE30C400F3E981 /* Debug */ = {
			isa = XCBuildConfiguration;
			baseConfigurationReference = F5949B7F6698307E00814846 /* Pods-BJHomework.debug.xcconfig */;
			buildSettings = {
				ASSETCATALOG_COMPILER_APPICON_NAME = AppIcon;
				ASSETCATALOG_COMPILER_GLOBAL_ACCENT_COLOR_NAME = AccentColor;
				CODE_SIGN_STYLE = Automatic;
				INFOPLIST_FILE = BJHomework/Info.plist;
				LD_RUNPATH_SEARCH_PATHS = (
					"$(inherited)",
					"@executable_path/Frameworks",
				);
				PRODUCT_BUNDLE_IDENTIFIER = TAE.BJHomework;
				PRODUCT_NAME = "$(TARGET_NAME)";
				SWIFT_VERSION = 5.0;
				TARGETED_DEVICE_FAMILY = "1,2";
			};
			name = Debug;
		};
		8462B29A26DE30C400F3E981 /* Release */ = {
			isa = XCBuildConfiguration;
			baseConfigurationReference = E9E4CF6683349FFFA2343DCC /* Pods-BJHomework.release.xcconfig */;
			buildSettings = {
				ASSETCATALOG_COMPILER_APPICON_NAME = AppIcon;
				ASSETCATALOG_COMPILER_GLOBAL_ACCENT_COLOR_NAME = AccentColor;
				CODE_SIGN_STYLE = Automatic;
				INFOPLIST_FILE = BJHomework/Info.plist;
				LD_RUNPATH_SEARCH_PATHS = (
					"$(inherited)",
					"@executable_path/Frameworks",
				);
				PRODUCT_BUNDLE_IDENTIFIER = TAE.BJHomework;
				PRODUCT_NAME = "$(TARGET_NAME)";
				SWIFT_VERSION = 5.0;
				TARGETED_DEVICE_FAMILY = "1,2";
			};
			name = Release;
		};
/* End XCBuildConfiguration section */

/* Begin XCConfigurationList section */
		8462B27F26DE30C200F3E981 /* Build configuration list for PBXProject "BJHomework" */ = {
			isa = XCConfigurationList;
			buildConfigurations = (
				8462B29626DE30C400F3E981 /* Debug */,
				8462B29726DE30C400F3E981 /* Release */,
			);
			defaultConfigurationIsVisible = 0;
			defaultConfigurationName = Release;
		};
		8462B29826DE30C400F3E981 /* Build configuration list for PBXNativeTarget "BJHomework" */ = {
			isa = XCConfigurationList;
			buildConfigurations = (
				8462B29926DE30C400F3E981 /* Debug */,
				8462B29A26DE30C400F3E981 /* Release */,
			);
			defaultConfigurationIsVisible = 0;
			defaultConfigurationName = Release;
		};
/* End XCConfigurationList section */
	};
	rootObject = 8462B27C26DE30C200F3E981 /* Project object */;
}
